
Microsoft Visual Studio Solution File, Format Version 12.00
# Visual Studio Version 16
VisualStudioVersion = 16.0.29806.167
MinimumVisualStudioVersion = 10.0.40219.1
Project("{8BC9CEB8-8B4A-11D0-8D11-00A0C91BC942}") = "Chapter2", "Chapter2\Chapter2.vcxproj", "{770E6BC1-83D2-4729-822B-5DDA88489A35}"
EndProject
Project("{8BC9CEB8-8B4A-11D0-8D11-00A0C91BC942}") = "2_1", "2_1\2_1.vcxproj", "{621B233E-DF4C-484F-A2B6-17710A8668F7}"
EndProject
Project("{8BC9CEB8-8B4A-11D0-8D11-00A0C91BC942}") = "2.2 Integers", "2.2 Integers\2.2 Integers.vcxproj", "{F17F27FA-139F-40A8-9CD6-8E281382674C}"
EndProject
Project("{8BC9CEB8-8B4A-11D0-8D11-00A0C91BC942}") = "2.3 c++ 11 Fixed-width Integers", "2.3 c++ 11 Fixed-width Integers\2.3 c++ 11 Fixed-width Integers.vcxproj", "{5B906CF9-2FFE-4158-81A1-3621A0B2DF47}"
EndProject
Project("{8BC9CEB8-8B4A-11D0-8D11-00A0C91BC942}") = "2.4 void", "2.4 void\2.4 void.vcxproj", "{AB5B8721-8E32-4C3F-B5B9-04F4BA2381DF}"
EndProject
Project("{8BC9CEB8-8B4A-11D0-8D11-00A0C91BC942}") = "2.5 floating point numbers", "2.5 floating point numbers\2.5 floating point numbers.vcxproj", "{3F719812-24FF-4C20-879A-45300EF5B853}"
EndProject
Global
	GlobalSection(SolutionConfigurationPlatforms) = preSolution
		Debug|x64 = Debug|x64
		Debug|x86 = Debug|x86
		Release|x64 = Release|x64
		Release|x86 = Release|x86
	EndGlobalSection
	GlobalSection(ProjectConfigurationPlatforms) = postSolution
		{770E6BC1-83D2-4729-822B-5DDA88489A35}.Debug|x64.ActiveCfg = Debug|x64
		{770E6BC1-83D2-4729-822B-5DDA88489A35}.Debug|x64.Build.0 = Debug|x64
		{770E6BC1-83D2-4729-822B-5DDA88489A35}.Debug|x86.ActiveCfg = Debug|Win32
		{770E6BC1-83D2-4729-822B-5DDA88489A35}.Debug|x86.Build.0 = Debug|Win32
		{770E6BC1-83D2-4729-822B-5DDA88489A35}.Release|x64.ActiveCfg = Release|x64
		{770E6BC1-83D2-4729-822B-5DDA88489A35}.Release|x64.Build.0 = Release|x64
		{770E6BC1-83D2-4729-822B-5DDA88489A35}.Release|x86.ActiveCfg = Release|Win32
		{770E6BC1-83D2-4729-822B-5DDA88489A35}.Release|x86.Build.0 = Release|Win32
		{621B233E-DF4C-484F-A2B6-17710A8668F7}.Debug|x64.ActiveCfg = Debug|x64
		{621B233E-DF4C-484F-A2B6-17710A8668F7}.Debug|x64.Build.0 = Debug|x64
		{621B233E-DF4C-484F-A2B6-17710A8668F7}.Debug|x86.ActiveCfg = Debug|Win32
		{621B233E-DF4C-484F-A2B6-17710A8668F7}.Debug|x86.Build.0 = Debug|Win32
		{621B233E-DF4C-484F-A2B6-17710A8668F7}.Release|x64.ActiveCfg = Release|x64
		{621B233E-DF4C-484F-A2B6-17710A8668F7}.Release|x64.Build.0 = Release|x64
		{621B233E-DF4C-484F-A2B6-17710A8668F7}.Release|x86.ActiveCfg = Release|Win32
		{621B233E-DF4C-484F-A2B6-17710A8668F7}.Release|x86.Build.0 = Release|Win32
		{F17F27FA-139F-40A8-9CD6-8E281382674C}.Debug|x64.ActiveCfg = Debug|x64
		{F17F27FA-139F-40A8-9CD6-8E281382674C}.Debug|x64.Build.0 = Debug|x64
		{F17F27FA-139F-40A8-9CD6-8E281382674C}.Debug|x86.ActiveCfg = Debug|Win32
		{F17F27FA-139F-40A8-9CD6-8E281382674C}.Debug|x86.Build.0 = Debug|Win32
		{F17F27FA-139F-40A8-9CD6-8E281382674C}.Release|x64.ActiveCfg = Release|x64
		{F17F27FA-139F-40A8-9CD6-8E281382674C}.Release|x64.Build.0 = Release|x64
		{F17F27FA-139F-40A8-9CD6-8E281382674C}.Release|x86.ActiveCfg = Release|Win32
		{F17F27FA-139F-40A8-9CD6-8E281382674C}.Release|x86.Build.0 = Release|Win32
		{5B906CF9-2FFE-4158-81A1-3621A0B2DF47}.Debug|x64.ActiveCfg = Debug|x64
		{5B906CF9-2FFE-4158-81A1-3621A0B2DF47}.Debug|x64.Build.0 = Debug|x64
		{5B906CF9-2FFE-4158-81A1-3621A0B2DF47}.Debug|x86.ActiveCfg = Debug|Win32
		{5B906CF9-2FFE-4158-81A1-3621A0B2DF47}.Debug|x86.Build.0 = Debug|Win32
		{5B906CF9-2FFE-4158-81A1-3621A0B2DF47}.Release|x64.ActiveCfg = Release|x64
		{5B906CF9-2FFE-4158-81A1-3621A0B2DF47}.Release|x64.Build.0 = Release|x64
		{5B906CF9-2FFE-4158-81A1-3621A0B2DF47}.Release|x86.ActiveCfg = Release|Win32
		{5B906CF9-2FFE-4158-81A1-3621A0B2DF47}.Release|x86.Build.0 = Release|Win32
		{AB5B8721-8E32-4C3F-B5B9-04F4BA2381DF}.Debug|x64.ActiveCfg = Debug|x64
		{AB5B8721-8E32-4C3F-B5B9-04F4BA2381DF}.Debug|x64.Build.0 = Debug|x64
		{AB5B8721-8E32-4C3F-B5B9-04F4BA2381DF}.Debug|x86.ActiveCfg = Debug|Win32
		{AB5B8721-8E32-4C3F-B5B9-04F4BA2381DF}.Debug|x86.Build.0 = Debug|Win32
		{AB5B8721-8E32-4C3F-B5B9-04F4BA2381DF}.Release|x64.ActiveCfg = Release|x64
		{AB5B8721-8E32-4C3F-B5B9-04F4BA2381DF}.Release|x64.Build.0 = Release|x64
		{AB5B8721-8E32-4C3F-B5B9-04F4BA2381DF}.Release|x86.ActiveCfg = Release|Win32
		{AB5B8721-8E32-4C3F-B5B9-04F4BA2381DF}.Release|x86.Build.0 = Release|Win32
		{3F719812-24FF-4C20-879A-45300EF5B853}.Debug|x64.ActiveCfg = Debug|x64
		{3F719812-24FF-4C20-879A-45300EF5B853}.Debug|x64.Build.0 = Debug|x64
		{3F719812-24FF-4C20-879A-45300EF5B853}.Debug|x86.ActiveCfg = Debug|Win32
		{3F719812-24FF-4C20-879A-45300EF5B853}.Debug|x86.Build.0 = Debug|Win32
		{3F719812-24FF-4C20-879A-45300EF5B853}.Release|x64.ActiveCfg = Release|x64
		{3F719812-24FF-4C20-879A-45300EF5B853}.Release|x64.Build.0 = Release|x64
		{3F719812-24FF-4C20-879A-45300EF5B853}.Release|x86.ActiveCfg = Release|Win32
		{3F719812-24FF-4C20-879A-45300EF5B853}.Release|x86.Build.0 = Release|Win32
	EndGlobalSection
	GlobalSection(SolutionProperties) = preSolution
		HideSolutionNode = FALSE
	EndGlobalSection
	GlobalSection(ExtensibilityGlobals) = postSolution
		SolutionGuid = {79E96BF3-18BF-4988-AED8-2A854309E08F}
	EndGlobalSection
EndGlobal
