
Microsoft Visual Studio Solution File, Format Version 12.00
# Visual Studio Version 16
VisualStudioVersion = 16.0.29806.167
MinimumVisualStudioVersion = 10.0.40219.1
Project("{8BC9CEB8-8B4A-11D0-8D11-00A0C91BC942}") = "Chapter2", "Chapter2\Chapter2.vcxproj", "{770E6BC1-83D2-4729-822B-5DDA88489A35}"
EndProject
Project("{8BC9CEB8-8B4A-11D0-8D11-00A0C91BC942}") = "2_1", "2_1\2_1.vcxproj", "{621B233E-DF4C-484F-A2B6-17710A8668F7}"
EndProject
Global
	GlobalSection(SolutionConfigurationPlatforms) = preSolution
		Debug|x64 = Debug|x64
		Debug|x86 = Debug|x86
		Release|x64 = Release|x64
		Release|x86 = Release|x86
	EndGlobalSection
	GlobalSection(ProjectConfigurationPlatforms) = postSolution
		{770E6BC1-83D2-4729-822B-5DDA88489A35}.Debug|x64.ActiveCfg = Debug|x64
		{770E6BC1-83D2-4729-822B-5DDA88489A35}.Debug|x64.Build.0 = Debug|x64
		{770E6BC1-83D2-4729-822B-5DDA88489A35}.Debug|x86.ActiveCfg = Debug|Win32
		{770E6BC1-83D2-4729-822B-5DDA88489A35}.Debug|x86.Build.0 = Debug|Win32
		{770E6BC1-83D2-4729-822B-5DDA88489A35}.Release|x64.ActiveCfg = Release|x64
		{770E6BC1-83D2-4729-822B-5DDA88489A35}.Release|x64.Build.0 = Release|x64
		{770E6BC1-83D2-4729-822B-5DDA88489A35}.Release|x86.ActiveCfg = Release|Win32
		{770E6BC1-83D2-4729-822B-5DDA88489A35}.Release|x86.Build.0 = Release|Win32
		{621B233E-DF4C-484F-A2B6-17710A8668F7}.Debug|x64.ActiveCfg = Debug|x64
		{621B233E-DF4C-484F-A2B6-17710A8668F7}.Debug|x64.Build.0 = Debug|x64
		{621B233E-DF4C-484F-A2B6-17710A8668F7}.Debug|x86.ActiveCfg = Debug|Win32
		{621B233E-DF4C-484F-A2B6-17710A8668F7}.Debug|x86.Build.0 = Debug|Win32
		{621B233E-DF4C-484F-A2B6-17710A8668F7}.Release|x64.ActiveCfg = Release|x64
		{621B233E-DF4C-484F-A2B6-17710A8668F7}.Release|x64.Build.0 = Release|x64
		{621B233E-DF4C-484F-A2B6-17710A8668F7}.Release|x86.ActiveCfg = Release|Win32
		{621B233E-DF4C-484F-A2B6-17710A8668F7}.Release|x86.Build.0 = Release|Win32
	EndGlobalSection
	GlobalSection(SolutionProperties) = preSolution
		HideSolutionNode = FALSE
	EndGlobalSection
	GlobalSection(ExtensibilityGlobals) = postSolution
		SolutionGuid = {79E96BF3-18BF-4988-AED8-2A854309E08F}
	EndGlobalSection
EndGlobal
