
Microsoft Visual Studio Solution File, Format Version 12.00
# Visual Studio Version 16
VisualStudioVersion = 16.0.29806.167
MinimumVisualStudioVersion = 10.0.40219.1
Project("{8BC9CEB8-8B4A-11D0-8D11-00A0C91BC942}") = "test", "test\test.vcxproj", "{6C747994-D27F-44C2-A1AB-B700B0ECA36F}"
EndProject
Project("{8BC9CEB8-8B4A-11D0-8D11-00A0C91BC942}") = "address_of_char_string", "address_of_char_string\address_of_char_string.vcxproj", "{FBD9300D-9895-4D1F-847C-17DF99FB71F1}"
EndProject
Global
	GlobalSection(SolutionConfigurationPlatforms) = preSolution
		Debug|x64 = Debug|x64
		Debug|x86 = Debug|x86
		Release|x64 = Release|x64
		Release|x86 = Release|x86
	EndGlobalSection
	GlobalSection(ProjectConfigurationPlatforms) = postSolution
		{6C747994-D27F-44C2-A1AB-B700B0ECA36F}.Debug|x64.ActiveCfg = Debug|x64
		{6C747994-D27F-44C2-A1AB-B700B0ECA36F}.Debug|x64.Build.0 = Debug|x64
		{6C747994-D27F-44C2-A1AB-B700B0ECA36F}.Debug|x86.ActiveCfg = Debug|Win32
		{6C747994-D27F-44C2-A1AB-B700B0ECA36F}.Debug|x86.Build.0 = Debug|Win32
		{6C747994-D27F-44C2-A1AB-B700B0ECA36F}.Release|x64.ActiveCfg = Release|x64
		{6C747994-D27F-44C2-A1AB-B700B0ECA36F}.Release|x64.Build.0 = Release|x64
		{6C747994-D27F-44C2-A1AB-B700B0ECA36F}.Release|x86.ActiveCfg = Release|Win32
		{6C747994-D27F-44C2-A1AB-B700B0ECA36F}.Release|x86.Build.0 = Release|Win32
		{FBD9300D-9895-4D1F-847C-17DF99FB71F1}.Debug|x64.ActiveCfg = Debug|x64
		{FBD9300D-9895-4D1F-847C-17DF99FB71F1}.Debug|x64.Build.0 = Debug|x64
		{FBD9300D-9895-4D1F-847C-17DF99FB71F1}.Debug|x86.ActiveCfg = Debug|Win32
		{FBD9300D-9895-4D1F-847C-17DF99FB71F1}.Debug|x86.Build.0 = Debug|Win32
		{FBD9300D-9895-4D1F-847C-17DF99FB71F1}.Release|x64.ActiveCfg = Release|x64
		{FBD9300D-9895-4D1F-847C-17DF99FB71F1}.Release|x64.Build.0 = Release|x64
		{FBD9300D-9895-4D1F-847C-17DF99FB71F1}.Release|x86.ActiveCfg = Release|Win32
		{FBD9300D-9895-4D1F-847C-17DF99FB71F1}.Release|x86.Build.0 = Release|Win32
	EndGlobalSection
	GlobalSection(SolutionProperties) = preSolution
		HideSolutionNode = FALSE
	EndGlobalSection
	GlobalSection(ExtensibilityGlobals) = postSolution
		SolutionGuid = {64F55FE6-8A50-4A4A-9BA8-BC4002707B17}
	EndGlobalSection
EndGlobal
