
Microsoft Visual Studio Solution File, Format Version 12.00
# Visual Studio Version 16
VisualStudioVersion = 16.0.29806.167
MinimumVisualStudioVersion = 10.0.40219.1
Project("{8BC9CEB8-8B4A-11D0-8D11-00A0C91BC942}") = "Chapter7", "Chapter7\Chapter7.vcxproj", "{7ABE4FA5-6F90-4125-843B-9AB567CA8C1D}"
EndProject
Project("{8BC9CEB8-8B4A-11D0-8D11-00A0C91BC942}") = "7_5 various_return_value", "7_5 various_return_value\7_5 various_return_value.vcxproj", "{9F473AAE-765C-479E-8D3D-1DBFDA7C664D}"
EndProject
Project("{8BC9CEB8-8B4A-11D0-8D11-00A0C91BC942}") = "7_2_callbyvalue", "7_2_callbyvalue\7_2_callbyvalue.vcxproj", "{0E491E42-59E0-4B64-83A5-1DEECD191E29}"
EndProject
Project("{8BC9CEB8-8B4A-11D0-8D11-00A0C91BC942}") = "7_3_passing arguments by reference", "7_3_passing arguments by reference\7_3_passing arguments by reference.vcxproj", "{3F88DB0E-3229-4D1B-84EE-76A8E28A68B3}"
EndProject
Project("{8BC9CEB8-8B4A-11D0-8D11-00A0C91BC942}") = "7_7_function_overloading", "7_7_function_overloading\7_7_function_overloading.vcxproj", "{70D5FC98-85F9-47A0-86A3-5ECF6B5095B9}"
EndProject
Project("{8BC9CEB8-8B4A-11D0-8D11-00A0C91BC942}") = "7_8_default_parameter", "7_8_default_parameter\7_8_default_parameter.vcxproj", "{04A590B3-03B7-48CF-A325-E9F71C2FE4CE}"
EndProject
Project("{8BC9CEB8-8B4A-11D0-8D11-00A0C91BC942}") = "7_11_std_vector를 스택처럼 사용하기", "7_11_std_vector를 스택처럼 사용하기\7_11_std_vector를 스택처럼 사용하기.vcxproj", "{1E82C588-E370-40E2-BA10-A0414C38E5DE}"
EndProject
Project("{8BC9CEB8-8B4A-11D0-8D11-00A0C91BC942}") = "7_13_defensive_programming", "7_13_defensive_programming\7_13_defensive_programming.vcxproj", "{27069EF4-CABF-4955-A024-3972A9A3B780}"
EndProject
Project("{8BC9CEB8-8B4A-11D0-8D11-00A0C91BC942}") = "7_14_assert", "7_14_assert\7_14_assert.vcxproj", "{08C82CE9-B9E6-4DE9-A769-BB07898DC98D}"
EndProject
Global
	GlobalSection(SolutionConfigurationPlatforms) = preSolution
		Debug|x64 = Debug|x64
		Debug|x86 = Debug|x86
		Release|x64 = Release|x64
		Release|x86 = Release|x86
	EndGlobalSection
	GlobalSection(ProjectConfigurationPlatforms) = postSolution
		{7ABE4FA5-6F90-4125-843B-9AB567CA8C1D}.Debug|x64.ActiveCfg = Debug|x64
		{7ABE4FA5-6F90-4125-843B-9AB567CA8C1D}.Debug|x64.Build.0 = Debug|x64
		{7ABE4FA5-6F90-4125-843B-9AB567CA8C1D}.Debug|x86.ActiveCfg = Debug|Win32
		{7ABE4FA5-6F90-4125-843B-9AB567CA8C1D}.Debug|x86.Build.0 = Debug|Win32
		{7ABE4FA5-6F90-4125-843B-9AB567CA8C1D}.Release|x64.ActiveCfg = Release|x64
		{7ABE4FA5-6F90-4125-843B-9AB567CA8C1D}.Release|x64.Build.0 = Release|x64
		{7ABE4FA5-6F90-4125-843B-9AB567CA8C1D}.Release|x86.ActiveCfg = Release|Win32
		{7ABE4FA5-6F90-4125-843B-9AB567CA8C1D}.Release|x86.Build.0 = Release|Win32
		{9F473AAE-765C-479E-8D3D-1DBFDA7C664D}.Debug|x64.ActiveCfg = Debug|x64
		{9F473AAE-765C-479E-8D3D-1DBFDA7C664D}.Debug|x64.Build.0 = Debug|x64
		{9F473AAE-765C-479E-8D3D-1DBFDA7C664D}.Debug|x86.ActiveCfg = Debug|Win32
		{9F473AAE-765C-479E-8D3D-1DBFDA7C664D}.Debug|x86.Build.0 = Debug|Win32
		{9F473AAE-765C-479E-8D3D-1DBFDA7C664D}.Release|x64.ActiveCfg = Release|x64
		{9F473AAE-765C-479E-8D3D-1DBFDA7C664D}.Release|x64.Build.0 = Release|x64
		{9F473AAE-765C-479E-8D3D-1DBFDA7C664D}.Release|x86.ActiveCfg = Release|Win32
		{9F473AAE-765C-479E-8D3D-1DBFDA7C664D}.Release|x86.Build.0 = Release|Win32
		{0E491E42-59E0-4B64-83A5-1DEECD191E29}.Debug|x64.ActiveCfg = Debug|x64
		{0E491E42-59E0-4B64-83A5-1DEECD191E29}.Debug|x64.Build.0 = Debug|x64
		{0E491E42-59E0-4B64-83A5-1DEECD191E29}.Debug|x86.ActiveCfg = Debug|Win32
		{0E491E42-59E0-4B64-83A5-1DEECD191E29}.Debug|x86.Build.0 = Debug|Win32
		{0E491E42-59E0-4B64-83A5-1DEECD191E29}.Release|x64.ActiveCfg = Release|x64
		{0E491E42-59E0-4B64-83A5-1DEECD191E29}.Release|x64.Build.0 = Release|x64
		{0E491E42-59E0-4B64-83A5-1DEECD191E29}.Release|x86.ActiveCfg = Release|Win32
		{0E491E42-59E0-4B64-83A5-1DEECD191E29}.Release|x86.Build.0 = Release|Win32
		{3F88DB0E-3229-4D1B-84EE-76A8E28A68B3}.Debug|x64.ActiveCfg = Debug|x64
		{3F88DB0E-3229-4D1B-84EE-76A8E28A68B3}.Debug|x64.Build.0 = Debug|x64
		{3F88DB0E-3229-4D1B-84EE-76A8E28A68B3}.Debug|x86.ActiveCfg = Debug|Win32
		{3F88DB0E-3229-4D1B-84EE-76A8E28A68B3}.Debug|x86.Build.0 = Debug|Win32
		{3F88DB0E-3229-4D1B-84EE-76A8E28A68B3}.Release|x64.ActiveCfg = Release|x64
		{3F88DB0E-3229-4D1B-84EE-76A8E28A68B3}.Release|x64.Build.0 = Release|x64
		{3F88DB0E-3229-4D1B-84EE-76A8E28A68B3}.Release|x86.ActiveCfg = Release|Win32
		{3F88DB0E-3229-4D1B-84EE-76A8E28A68B3}.Release|x86.Build.0 = Release|Win32
		{70D5FC98-85F9-47A0-86A3-5ECF6B5095B9}.Debug|x64.ActiveCfg = Debug|x64
		{70D5FC98-85F9-47A0-86A3-5ECF6B5095B9}.Debug|x64.Build.0 = Debug|x64
		{70D5FC98-85F9-47A0-86A3-5ECF6B5095B9}.Debug|x86.ActiveCfg = Debug|Win32
		{70D5FC98-85F9-47A0-86A3-5ECF6B5095B9}.Debug|x86.Build.0 = Debug|Win32
		{70D5FC98-85F9-47A0-86A3-5ECF6B5095B9}.Release|x64.ActiveCfg = Release|x64
		{70D5FC98-85F9-47A0-86A3-5ECF6B5095B9}.Release|x64.Build.0 = Release|x64
		{70D5FC98-85F9-47A0-86A3-5ECF6B5095B9}.Release|x86.ActiveCfg = Release|Win32
		{70D5FC98-85F9-47A0-86A3-5ECF6B5095B9}.Release|x86.Build.0 = Release|Win32
		{04A590B3-03B7-48CF-A325-E9F71C2FE4CE}.Debug|x64.ActiveCfg = Debug|x64
		{04A590B3-03B7-48CF-A325-E9F71C2FE4CE}.Debug|x64.Build.0 = Debug|x64
		{04A590B3-03B7-48CF-A325-E9F71C2FE4CE}.Debug|x86.ActiveCfg = Debug|Win32
		{04A590B3-03B7-48CF-A325-E9F71C2FE4CE}.Debug|x86.Build.0 = Debug|Win32
		{04A590B3-03B7-48CF-A325-E9F71C2FE4CE}.Release|x64.ActiveCfg = Release|x64
		{04A590B3-03B7-48CF-A325-E9F71C2FE4CE}.Release|x64.Build.0 = Release|x64
		{04A590B3-03B7-48CF-A325-E9F71C2FE4CE}.Release|x86.ActiveCfg = Release|Win32
		{04A590B3-03B7-48CF-A325-E9F71C2FE4CE}.Release|x86.Build.0 = Release|Win32
		{1E82C588-E370-40E2-BA10-A0414C38E5DE}.Debug|x64.ActiveCfg = Debug|x64
		{1E82C588-E370-40E2-BA10-A0414C38E5DE}.Debug|x64.Build.0 = Debug|x64
		{1E82C588-E370-40E2-BA10-A0414C38E5DE}.Debug|x86.ActiveCfg = Debug|Win32
		{1E82C588-E370-40E2-BA10-A0414C38E5DE}.Debug|x86.Build.0 = Debug|Win32
		{1E82C588-E370-40E2-BA10-A0414C38E5DE}.Release|x64.ActiveCfg = Release|x64
		{1E82C588-E370-40E2-BA10-A0414C38E5DE}.Release|x64.Build.0 = Release|x64
		{1E82C588-E370-40E2-BA10-A0414C38E5DE}.Release|x86.ActiveCfg = Release|Win32
		{1E82C588-E370-40E2-BA10-A0414C38E5DE}.Release|x86.Build.0 = Release|Win32
		{27069EF4-CABF-4955-A024-3972A9A3B780}.Debug|x64.ActiveCfg = Debug|x64
		{27069EF4-CABF-4955-A024-3972A9A3B780}.Debug|x64.Build.0 = Debug|x64
		{27069EF4-CABF-4955-A024-3972A9A3B780}.Debug|x86.ActiveCfg = Debug|Win32
		{27069EF4-CABF-4955-A024-3972A9A3B780}.Debug|x86.Build.0 = Debug|Win32
		{27069EF4-CABF-4955-A024-3972A9A3B780}.Release|x64.ActiveCfg = Release|x64
		{27069EF4-CABF-4955-A024-3972A9A3B780}.Release|x64.Build.0 = Release|x64
		{27069EF4-CABF-4955-A024-3972A9A3B780}.Release|x86.ActiveCfg = Release|Win32
		{27069EF4-CABF-4955-A024-3972A9A3B780}.Release|x86.Build.0 = Release|Win32
		{08C82CE9-B9E6-4DE9-A769-BB07898DC98D}.Debug|x64.ActiveCfg = Debug|x64
		{08C82CE9-B9E6-4DE9-A769-BB07898DC98D}.Debug|x64.Build.0 = Debug|x64
		{08C82CE9-B9E6-4DE9-A769-BB07898DC98D}.Debug|x86.ActiveCfg = Debug|Win32
		{08C82CE9-B9E6-4DE9-A769-BB07898DC98D}.Debug|x86.Build.0 = Debug|Win32
		{08C82CE9-B9E6-4DE9-A769-BB07898DC98D}.Release|x64.ActiveCfg = Release|x64
		{08C82CE9-B9E6-4DE9-A769-BB07898DC98D}.Release|x64.Build.0 = Release|x64
		{08C82CE9-B9E6-4DE9-A769-BB07898DC98D}.Release|x86.ActiveCfg = Release|Win32
		{08C82CE9-B9E6-4DE9-A769-BB07898DC98D}.Release|x86.Build.0 = Release|Win32
	EndGlobalSection
	GlobalSection(SolutionProperties) = preSolution
		HideSolutionNode = FALSE
	EndGlobalSection
	GlobalSection(ExtensibilityGlobals) = postSolution
		SolutionGuid = {DF51A435-59CD-42B4-850D-B3F8612361C1}
	EndGlobalSection
EndGlobal
