
Microsoft Visual Studio Solution File, Format Version 12.00
# Visual Studio Version 16
VisualStudioVersion = 16.0.29806.167
MinimumVisualStudioVersion = 10.0.40219.1
Project("{8BC9CEB8-8B4A-11D0-8D11-00A0C91BC942}") = "Chapter9", "Chapter9\Chapter9.vcxproj", "{A6C412A5-BE07-4F65-B163-F706FA917AEF}"
EndProject
Project("{8BC9CEB8-8B4A-11D0-8D11-00A0C91BC942}") = "9_1_arithmatic_operator_overloading", "9_1_arithmatic_operator_overloading\9_1_arithmatic_operator_overloading.vcxproj", "{95931360-4379-4AC5-83F4-3B7774572409}"
EndProject
Project("{8BC9CEB8-8B4A-11D0-8D11-00A0C91BC942}") = "9_3_unary_operator_overloading", "9_3_unary_operator_overloading\9_3_unary_operator_overloading.vcxproj", "{92E28D67-B5F2-42DC-BC7B-18505FF580A7}"
EndProject
Project("{8BC9CEB8-8B4A-11D0-8D11-00A0C91BC942}") = "9_4_compareoperator_overloading", "9_4_compareoperator_overloading\9_4_compareoperator_overloading.vcxproj", "{147F7656-9CCE-47D5-8635-5BC85E034594}"
EndProject
Project("{8BC9CEB8-8B4A-11D0-8D11-00A0C91BC942}") = "9_5_증감연사자오버로딩", "9_5_증감연사자오버로딩\9_5_증감연사자오버로딩.vcxproj", "{44A9D62C-70F8-439A-B8A2-05F923F370E5}"
EndProject
Project("{8BC9CEB8-8B4A-11D0-8D11-00A0C91BC942}") = "9_2_입출력연산자오버로딩", "9_2_입출력연산자오버로딩\9_2_입출력연산자오버로딩.vcxproj", "{6AC83F95-89AB-4CFD-9613-C5821D17CBFD}"
EndProject
Global
	GlobalSection(SolutionConfigurationPlatforms) = preSolution
		Debug|x64 = Debug|x64
		Debug|x86 = Debug|x86
		Release|x64 = Release|x64
		Release|x86 = Release|x86
	EndGlobalSection
	GlobalSection(ProjectConfigurationPlatforms) = postSolution
		{A6C412A5-BE07-4F65-B163-F706FA917AEF}.Debug|x64.ActiveCfg = Debug|x64
		{A6C412A5-BE07-4F65-B163-F706FA917AEF}.Debug|x64.Build.0 = Debug|x64
		{A6C412A5-BE07-4F65-B163-F706FA917AEF}.Debug|x86.ActiveCfg = Debug|Win32
		{A6C412A5-BE07-4F65-B163-F706FA917AEF}.Debug|x86.Build.0 = Debug|Win32
		{A6C412A5-BE07-4F65-B163-F706FA917AEF}.Release|x64.ActiveCfg = Release|x64
		{A6C412A5-BE07-4F65-B163-F706FA917AEF}.Release|x64.Build.0 = Release|x64
		{A6C412A5-BE07-4F65-B163-F706FA917AEF}.Release|x86.ActiveCfg = Release|Win32
		{A6C412A5-BE07-4F65-B163-F706FA917AEF}.Release|x86.Build.0 = Release|Win32
		{95931360-4379-4AC5-83F4-3B7774572409}.Debug|x64.ActiveCfg = Debug|x64
		{95931360-4379-4AC5-83F4-3B7774572409}.Debug|x64.Build.0 = Debug|x64
		{95931360-4379-4AC5-83F4-3B7774572409}.Debug|x86.ActiveCfg = Debug|Win32
		{95931360-4379-4AC5-83F4-3B7774572409}.Debug|x86.Build.0 = Debug|Win32
		{95931360-4379-4AC5-83F4-3B7774572409}.Release|x64.ActiveCfg = Release|x64
		{95931360-4379-4AC5-83F4-3B7774572409}.Release|x64.Build.0 = Release|x64
		{95931360-4379-4AC5-83F4-3B7774572409}.Release|x86.ActiveCfg = Release|Win32
		{95931360-4379-4AC5-83F4-3B7774572409}.Release|x86.Build.0 = Release|Win32
		{92E28D67-B5F2-42DC-BC7B-18505FF580A7}.Debug|x64.ActiveCfg = Debug|x64
		{92E28D67-B5F2-42DC-BC7B-18505FF580A7}.Debug|x64.Build.0 = Debug|x64
		{92E28D67-B5F2-42DC-BC7B-18505FF580A7}.Debug|x86.ActiveCfg = Debug|Win32
		{92E28D67-B5F2-42DC-BC7B-18505FF580A7}.Debug|x86.Build.0 = Debug|Win32
		{92E28D67-B5F2-42DC-BC7B-18505FF580A7}.Release|x64.ActiveCfg = Release|x64
		{92E28D67-B5F2-42DC-BC7B-18505FF580A7}.Release|x64.Build.0 = Release|x64
		{92E28D67-B5F2-42DC-BC7B-18505FF580A7}.Release|x86.ActiveCfg = Release|Win32
		{92E28D67-B5F2-42DC-BC7B-18505FF580A7}.Release|x86.Build.0 = Release|Win32
		{147F7656-9CCE-47D5-8635-5BC85E034594}.Debug|x64.ActiveCfg = Debug|x64
		{147F7656-9CCE-47D5-8635-5BC85E034594}.Debug|x64.Build.0 = Debug|x64
		{147F7656-9CCE-47D5-8635-5BC85E034594}.Debug|x86.ActiveCfg = Debug|Win32
		{147F7656-9CCE-47D5-8635-5BC85E034594}.Debug|x86.Build.0 = Debug|Win32
		{147F7656-9CCE-47D5-8635-5BC85E034594}.Release|x64.ActiveCfg = Release|x64
		{147F7656-9CCE-47D5-8635-5BC85E034594}.Release|x64.Build.0 = Release|x64
		{147F7656-9CCE-47D5-8635-5BC85E034594}.Release|x86.ActiveCfg = Release|Win32
		{147F7656-9CCE-47D5-8635-5BC85E034594}.Release|x86.Build.0 = Release|Win32
		{44A9D62C-70F8-439A-B8A2-05F923F370E5}.Debug|x64.ActiveCfg = Debug|x64
		{44A9D62C-70F8-439A-B8A2-05F923F370E5}.Debug|x64.Build.0 = Debug|x64
		{44A9D62C-70F8-439A-B8A2-05F923F370E5}.Debug|x86.ActiveCfg = Debug|Win32
		{44A9D62C-70F8-439A-B8A2-05F923F370E5}.Debug|x86.Build.0 = Debug|Win32
		{44A9D62C-70F8-439A-B8A2-05F923F370E5}.Release|x64.ActiveCfg = Release|x64
		{44A9D62C-70F8-439A-B8A2-05F923F370E5}.Release|x64.Build.0 = Release|x64
		{44A9D62C-70F8-439A-B8A2-05F923F370E5}.Release|x86.ActiveCfg = Release|Win32
		{44A9D62C-70F8-439A-B8A2-05F923F370E5}.Release|x86.Build.0 = Release|Win32
		{6AC83F95-89AB-4CFD-9613-C5821D17CBFD}.Debug|x64.ActiveCfg = Debug|x64
		{6AC83F95-89AB-4CFD-9613-C5821D17CBFD}.Debug|x64.Build.0 = Debug|x64
		{6AC83F95-89AB-4CFD-9613-C5821D17CBFD}.Debug|x86.ActiveCfg = Debug|Win32
		{6AC83F95-89AB-4CFD-9613-C5821D17CBFD}.Debug|x86.Build.0 = Debug|Win32
		{6AC83F95-89AB-4CFD-9613-C5821D17CBFD}.Release|x64.ActiveCfg = Release|x64
		{6AC83F95-89AB-4CFD-9613-C5821D17CBFD}.Release|x64.Build.0 = Release|x64
		{6AC83F95-89AB-4CFD-9613-C5821D17CBFD}.Release|x86.ActiveCfg = Release|Win32
		{6AC83F95-89AB-4CFD-9613-C5821D17CBFD}.Release|x86.Build.0 = Release|Win32
	EndGlobalSection
	GlobalSection(SolutionProperties) = preSolution
		HideSolutionNode = FALSE
	EndGlobalSection
	GlobalSection(ExtensibilityGlobals) = postSolution
		SolutionGuid = {DE7E789C-2274-4027-9307-3BAC09273DB8}
	EndGlobalSection
EndGlobal
