
Microsoft Visual Studio Solution File, Format Version 12.00
# Visual Studio Version 16
VisualStudioVersion = 16.0.29806.167
MinimumVisualStudioVersion = 10.0.40219.1
Project("{8BC9CEB8-8B4A-11D0-8D11-00A0C91BC942}") = "Chapter19", "Chapter19\Chapter19.vcxproj", "{CA1B884C-7740-41F4-A70C-461E7D5E621D}"
EndProject
Project("{8BC9CEB8-8B4A-11D0-8D11-00A0C91BC942}") = "operator_overloading_test1", "operator_overloading_test1\operator_overloading_test1.vcxproj", "{A1DE8908-8CF3-42AA-9324-7C13249F5B39}"
EndProject
Project("{8BC9CEB8-8B4A-11D0-8D11-00A0C91BC942}") = "19_5_taskbased", "19_5_taskbased\19_5_taskbased.vcxproj", "{E81DF2B2-E286-4E2B-9F4E-4374C5CE6223}"
EndProject
Project("{8BC9CEB8-8B4A-11D0-8D11-00A0C91BC942}") = "19_1_lambda_function", "19_1_lambda_function\19_1_lambda_function.vcxproj", "{4BBE397C-B64C-4938-AFFD-30F5BE763445}"
EndProject
Project("{8BC9CEB8-8B4A-11D0-8D11-00A0C91BC942}") = "19_6_멀티쓰레딩 예제(벡터 내적)", "19_6_멀티쓰레딩 예제(벡터 내적)\19_6_멀티쓰레딩 예제(벡터 내적).vcxproj", "{2B154708-E875-4D71-AE09-1B19ECADB449}"
EndProject
Global
	GlobalSection(SolutionConfigurationPlatforms) = preSolution
		Debug|x64 = Debug|x64
		Debug|x86 = Debug|x86
		Release|x64 = Release|x64
		Release|x86 = Release|x86
	EndGlobalSection
	GlobalSection(ProjectConfigurationPlatforms) = postSolution
		{CA1B884C-7740-41F4-A70C-461E7D5E621D}.Debug|x64.ActiveCfg = Debug|x64
		{CA1B884C-7740-41F4-A70C-461E7D5E621D}.Debug|x64.Build.0 = Debug|x64
		{CA1B884C-7740-41F4-A70C-461E7D5E621D}.Debug|x86.ActiveCfg = Debug|Win32
		{CA1B884C-7740-41F4-A70C-461E7D5E621D}.Debug|x86.Build.0 = Debug|Win32
		{CA1B884C-7740-41F4-A70C-461E7D5E621D}.Release|x64.ActiveCfg = Release|x64
		{CA1B884C-7740-41F4-A70C-461E7D5E621D}.Release|x64.Build.0 = Release|x64
		{CA1B884C-7740-41F4-A70C-461E7D5E621D}.Release|x86.ActiveCfg = Release|Win32
		{CA1B884C-7740-41F4-A70C-461E7D5E621D}.Release|x86.Build.0 = Release|Win32
		{A1DE8908-8CF3-42AA-9324-7C13249F5B39}.Debug|x64.ActiveCfg = Debug|x64
		{A1DE8908-8CF3-42AA-9324-7C13249F5B39}.Debug|x64.Build.0 = Debug|x64
		{A1DE8908-8CF3-42AA-9324-7C13249F5B39}.Debug|x86.ActiveCfg = Debug|Win32
		{A1DE8908-8CF3-42AA-9324-7C13249F5B39}.Debug|x86.Build.0 = Debug|Win32
		{A1DE8908-8CF3-42AA-9324-7C13249F5B39}.Release|x64.ActiveCfg = Release|x64
		{A1DE8908-8CF3-42AA-9324-7C13249F5B39}.Release|x64.Build.0 = Release|x64
		{A1DE8908-8CF3-42AA-9324-7C13249F5B39}.Release|x86.ActiveCfg = Release|Win32
		{A1DE8908-8CF3-42AA-9324-7C13249F5B39}.Release|x86.Build.0 = Release|Win32
		{E81DF2B2-E286-4E2B-9F4E-4374C5CE6223}.Debug|x64.ActiveCfg = Debug|x64
		{E81DF2B2-E286-4E2B-9F4E-4374C5CE6223}.Debug|x64.Build.0 = Debug|x64
		{E81DF2B2-E286-4E2B-9F4E-4374C5CE6223}.Debug|x86.ActiveCfg = Debug|Win32
		{E81DF2B2-E286-4E2B-9F4E-4374C5CE6223}.Debug|x86.Build.0 = Debug|Win32
		{E81DF2B2-E286-4E2B-9F4E-4374C5CE6223}.Release|x64.ActiveCfg = Release|x64
		{E81DF2B2-E286-4E2B-9F4E-4374C5CE6223}.Release|x64.Build.0 = Release|x64
		{E81DF2B2-E286-4E2B-9F4E-4374C5CE6223}.Release|x86.ActiveCfg = Release|Win32
		{E81DF2B2-E286-4E2B-9F4E-4374C5CE6223}.Release|x86.Build.0 = Release|Win32
		{4BBE397C-B64C-4938-AFFD-30F5BE763445}.Debug|x64.ActiveCfg = Debug|x64
		{4BBE397C-B64C-4938-AFFD-30F5BE763445}.Debug|x64.Build.0 = Debug|x64
		{4BBE397C-B64C-4938-AFFD-30F5BE763445}.Debug|x86.ActiveCfg = Debug|Win32
		{4BBE397C-B64C-4938-AFFD-30F5BE763445}.Debug|x86.Build.0 = Debug|Win32
		{4BBE397C-B64C-4938-AFFD-30F5BE763445}.Release|x64.ActiveCfg = Release|x64
		{4BBE397C-B64C-4938-AFFD-30F5BE763445}.Release|x64.Build.0 = Release|x64
		{4BBE397C-B64C-4938-AFFD-30F5BE763445}.Release|x86.ActiveCfg = Release|Win32
		{4BBE397C-B64C-4938-AFFD-30F5BE763445}.Release|x86.Build.0 = Release|Win32
		{2B154708-E875-4D71-AE09-1B19ECADB449}.Debug|x64.ActiveCfg = Debug|x64
		{2B154708-E875-4D71-AE09-1B19ECADB449}.Debug|x64.Build.0 = Debug|x64
		{2B154708-E875-4D71-AE09-1B19ECADB449}.Debug|x86.ActiveCfg = Debug|Win32
		{2B154708-E875-4D71-AE09-1B19ECADB449}.Debug|x86.Build.0 = Debug|Win32
		{2B154708-E875-4D71-AE09-1B19ECADB449}.Release|x64.ActiveCfg = Release|x64
		{2B154708-E875-4D71-AE09-1B19ECADB449}.Release|x64.Build.0 = Release|x64
		{2B154708-E875-4D71-AE09-1B19ECADB449}.Release|x86.ActiveCfg = Release|Win32
		{2B154708-E875-4D71-AE09-1B19ECADB449}.Release|x86.Build.0 = Release|Win32
	EndGlobalSection
	GlobalSection(SolutionProperties) = preSolution
		HideSolutionNode = FALSE
	EndGlobalSection
	GlobalSection(ExtensibilityGlobals) = postSolution
		SolutionGuid = {170EAD7A-C591-4B0F-AFEA-789157BBA83A}
	EndGlobalSection
EndGlobal
