
Microsoft Visual Studio Solution File, Format Version 12.00
# Visual Studio Version 16
VisualStudioVersion = 16.0.29806.167
MinimumVisualStudioVersion = 10.0.40219.1
Project("{8BC9CEB8-8B4A-11D0-8D11-00A0C91BC942}") = "Chapter1", "Chapter1\Chapter1.vcxproj", "{9B7A8E43-DDDC-43F1-9124-235C3D165F21}"
EndProject
Project("{8BC9CEB8-8B4A-11D0-8D11-00A0C91BC942}") = "1_4_cin_cout", "1_4_cin_cout\1_4_cin_cout.vcxproj", "{A760782A-D0A3-44F0-925F-3010EF1748D2}"
EndProject
Project("{8BC9CEB8-8B4A-11D0-8D11-00A0C91BC942}") = "1.1 프로그램의 구조", "1.1 프로그램의 구조\1.1 프로그램의 구조.vcxproj", "{23EB6DD7-006B-41F9-9263-A52F708E4526}"
EndProject
Project("{8BC9CEB8-8B4A-11D0-8D11-00A0C91BC942}") = "1.6 키워드와 식별자 이름짓기", "1.6 키워드와 식별자 이름짓기\1.6 키워드와 식별자 이름짓기.vcxproj", "{493C70DE-16DB-4A8F-AB80-C5E9B268C239}"
EndProject
Project("{8BC9CEB8-8B4A-11D0-8D11-00A0C91BC942}") = "1.10 선언과 정의의 분리", "1.10 선언과 정의의 분리\1.10 선언과 정의의 분리.vcxproj", "{0AE2AB2F-E5C4-4517-8ACE-1C3248633940}"
EndProject
Project("{8BC9CEB8-8B4A-11D0-8D11-00A0C91BC942}") = "1.11 헤더파일 만들기", "1.11 헤더파일 만들기\1.11 헤더파일 만들기.vcxproj", "{7814D7EF-CDE7-4CDD-97FE-D422058E0833}"
EndProject
Project("{8BC9CEB8-8B4A-11D0-8D11-00A0C91BC942}") = "1.12 Header Gard", "1.12 Header Gard\1.12 Header Gard.vcxproj", "{DAD664CA-5AB0-4F5F-9362-E8FC7A4C50C2}"
EndProject
Project("{8BC9CEB8-8B4A-11D0-8D11-00A0C91BC942}") = "1.13 네임스페이스", "1.13 네임스페이스\1.13 네임스페이스.vcxproj", "{7C9BA978-D77D-466B-ABD4-47D9B3BFF97A}"
EndProject
Global
	GlobalSection(SolutionConfigurationPlatforms) = preSolution
		Debug|x64 = Debug|x64
		Debug|x86 = Debug|x86
		Release|x64 = Release|x64
		Release|x86 = Release|x86
	EndGlobalSection
	GlobalSection(ProjectConfigurationPlatforms) = postSolution
		{9B7A8E43-DDDC-43F1-9124-235C3D165F21}.Debug|x64.ActiveCfg = Debug|x64
		{9B7A8E43-DDDC-43F1-9124-235C3D165F21}.Debug|x64.Build.0 = Debug|x64
		{9B7A8E43-DDDC-43F1-9124-235C3D165F21}.Debug|x86.ActiveCfg = Debug|Win32
		{9B7A8E43-DDDC-43F1-9124-235C3D165F21}.Debug|x86.Build.0 = Debug|Win32
		{9B7A8E43-DDDC-43F1-9124-235C3D165F21}.Release|x64.ActiveCfg = Release|x64
		{9B7A8E43-DDDC-43F1-9124-235C3D165F21}.Release|x64.Build.0 = Release|x64
		{9B7A8E43-DDDC-43F1-9124-235C3D165F21}.Release|x86.ActiveCfg = Release|Win32
		{9B7A8E43-DDDC-43F1-9124-235C3D165F21}.Release|x86.Build.0 = Release|Win32
		{A760782A-D0A3-44F0-925F-3010EF1748D2}.Debug|x64.ActiveCfg = Debug|x64
		{A760782A-D0A3-44F0-925F-3010EF1748D2}.Debug|x64.Build.0 = Debug|x64
		{A760782A-D0A3-44F0-925F-3010EF1748D2}.Debug|x86.ActiveCfg = Debug|Win32
		{A760782A-D0A3-44F0-925F-3010EF1748D2}.Debug|x86.Build.0 = Debug|Win32
		{A760782A-D0A3-44F0-925F-3010EF1748D2}.Release|x64.ActiveCfg = Release|x64
		{A760782A-D0A3-44F0-925F-3010EF1748D2}.Release|x64.Build.0 = Release|x64
		{A760782A-D0A3-44F0-925F-3010EF1748D2}.Release|x86.ActiveCfg = Release|Win32
		{A760782A-D0A3-44F0-925F-3010EF1748D2}.Release|x86.Build.0 = Release|Win32
		{23EB6DD7-006B-41F9-9263-A52F708E4526}.Debug|x64.ActiveCfg = Debug|x64
		{23EB6DD7-006B-41F9-9263-A52F708E4526}.Debug|x64.Build.0 = Debug|x64
		{23EB6DD7-006B-41F9-9263-A52F708E4526}.Debug|x86.ActiveCfg = Debug|Win32
		{23EB6DD7-006B-41F9-9263-A52F708E4526}.Debug|x86.Build.0 = Debug|Win32
		{23EB6DD7-006B-41F9-9263-A52F708E4526}.Release|x64.ActiveCfg = Release|x64
		{23EB6DD7-006B-41F9-9263-A52F708E4526}.Release|x64.Build.0 = Release|x64
		{23EB6DD7-006B-41F9-9263-A52F708E4526}.Release|x86.ActiveCfg = Release|Win32
		{23EB6DD7-006B-41F9-9263-A52F708E4526}.Release|x86.Build.0 = Release|Win32
		{493C70DE-16DB-4A8F-AB80-C5E9B268C239}.Debug|x64.ActiveCfg = Debug|x64
		{493C70DE-16DB-4A8F-AB80-C5E9B268C239}.Debug|x64.Build.0 = Debug|x64
		{493C70DE-16DB-4A8F-AB80-C5E9B268C239}.Debug|x86.ActiveCfg = Debug|Win32
		{493C70DE-16DB-4A8F-AB80-C5E9B268C239}.Debug|x86.Build.0 = Debug|Win32
		{493C70DE-16DB-4A8F-AB80-C5E9B268C239}.Release|x64.ActiveCfg = Release|x64
		{493C70DE-16DB-4A8F-AB80-C5E9B268C239}.Release|x64.Build.0 = Release|x64
		{493C70DE-16DB-4A8F-AB80-C5E9B268C239}.Release|x86.ActiveCfg = Release|Win32
		{493C70DE-16DB-4A8F-AB80-C5E9B268C239}.Release|x86.Build.0 = Release|Win32
		{0AE2AB2F-E5C4-4517-8ACE-1C3248633940}.Debug|x64.ActiveCfg = Debug|x64
		{0AE2AB2F-E5C4-4517-8ACE-1C3248633940}.Debug|x64.Build.0 = Debug|x64
		{0AE2AB2F-E5C4-4517-8ACE-1C3248633940}.Debug|x86.ActiveCfg = Debug|Win32
		{0AE2AB2F-E5C4-4517-8ACE-1C3248633940}.Debug|x86.Build.0 = Debug|Win32
		{0AE2AB2F-E5C4-4517-8ACE-1C3248633940}.Release|x64.ActiveCfg = Release|x64
		{0AE2AB2F-E5C4-4517-8ACE-1C3248633940}.Release|x64.Build.0 = Release|x64
		{0AE2AB2F-E5C4-4517-8ACE-1C3248633940}.Release|x86.ActiveCfg = Release|Win32
		{0AE2AB2F-E5C4-4517-8ACE-1C3248633940}.Release|x86.Build.0 = Release|Win32
		{7814D7EF-CDE7-4CDD-97FE-D422058E0833}.Debug|x64.ActiveCfg = Debug|x64
		{7814D7EF-CDE7-4CDD-97FE-D422058E0833}.Debug|x64.Build.0 = Debug|x64
		{7814D7EF-CDE7-4CDD-97FE-D422058E0833}.Debug|x86.ActiveCfg = Debug|Win32
		{7814D7EF-CDE7-4CDD-97FE-D422058E0833}.Debug|x86.Build.0 = Debug|Win32
		{7814D7EF-CDE7-4CDD-97FE-D422058E0833}.Release|x64.ActiveCfg = Release|x64
		{7814D7EF-CDE7-4CDD-97FE-D422058E0833}.Release|x64.Build.0 = Release|x64
		{7814D7EF-CDE7-4CDD-97FE-D422058E0833}.Release|x86.ActiveCfg = Release|Win32
		{7814D7EF-CDE7-4CDD-97FE-D422058E0833}.Release|x86.Build.0 = Release|Win32
		{DAD664CA-5AB0-4F5F-9362-E8FC7A4C50C2}.Debug|x64.ActiveCfg = Debug|x64
		{DAD664CA-5AB0-4F5F-9362-E8FC7A4C50C2}.Debug|x64.Build.0 = Debug|x64
		{DAD664CA-5AB0-4F5F-9362-E8FC7A4C50C2}.Debug|x86.ActiveCfg = Debug|Win32
		{DAD664CA-5AB0-4F5F-9362-E8FC7A4C50C2}.Debug|x86.Build.0 = Debug|Win32
		{DAD664CA-5AB0-4F5F-9362-E8FC7A4C50C2}.Release|x64.ActiveCfg = Release|x64
		{DAD664CA-5AB0-4F5F-9362-E8FC7A4C50C2}.Release|x64.Build.0 = Release|x64
		{DAD664CA-5AB0-4F5F-9362-E8FC7A4C50C2}.Release|x86.ActiveCfg = Release|Win32
		{DAD664CA-5AB0-4F5F-9362-E8FC7A4C50C2}.Release|x86.Build.0 = Release|Win32
		{7C9BA978-D77D-466B-ABD4-47D9B3BFF97A}.Debug|x64.ActiveCfg = Debug|x64
		{7C9BA978-D77D-466B-ABD4-47D9B3BFF97A}.Debug|x64.Build.0 = Debug|x64
		{7C9BA978-D77D-466B-ABD4-47D9B3BFF97A}.Debug|x86.ActiveCfg = Debug|Win32
		{7C9BA978-D77D-466B-ABD4-47D9B3BFF97A}.Debug|x86.Build.0 = Debug|Win32
		{7C9BA978-D77D-466B-ABD4-47D9B3BFF97A}.Release|x64.ActiveCfg = Release|x64
		{7C9BA978-D77D-466B-ABD4-47D9B3BFF97A}.Release|x64.Build.0 = Release|x64
		{7C9BA978-D77D-466B-ABD4-47D9B3BFF97A}.Release|x86.ActiveCfg = Release|Win32
		{7C9BA978-D77D-466B-ABD4-47D9B3BFF97A}.Release|x86.Build.0 = Release|Win32
	EndGlobalSection
	GlobalSection(SolutionProperties) = preSolution
		HideSolutionNode = FALSE
	EndGlobalSection
	GlobalSection(ExtensibilityGlobals) = postSolution
		SolutionGuid = {406ED8C1-548D-4E88-AD6C-EEDE578DA006}
	EndGlobalSection
EndGlobal
